
Microsoft Visual Studio Solution File, Format Version 12.00
# Visual Studio Version 17
VisualStudioVersion = 17.10.34928.147
MinimumVisualStudioVersion = 10.0.40219.1
Project("{9A19103F-16F7-4668-BE54-9A1E7A4F7556}") = "MonkeyWrench", "MonkeyWrench\MonkeyWrench.csproj", "{9A3D81F4-4061-4844-AAC9-4D20B207C40F}"
EndProject
Project("{2150E333-8FDC-42A3-9474-1A3956D46DE8}") = "SRC", "SRC", "{D6819C69-378F-4C21-A2C3-4F1A5C930F6F}"
EndProject
Project("{2150E333-8FDC-42A3-9474-1A3956D46DE8}") = "1.Domain", "1.Domain", "{15EAFF39-0354-49E2-8168-C817A6DB1DC9}"
EndProject
Project("{2150E333-8FDC-42A3-9474-1A3956D46DE8}") = "2.Infrastructure", "2.Infrastructure", "{8B8BFF42-ED15-485C-81C6-EE7D95225CB8}"
EndProject
Project("{2150E333-8FDC-42A3-9474-1A3956D46DE8}") = "3.EndPoints", "3.EndPoints", "{A9826333-6274-47F5-A340-0F2679634103}"
EndProject
Project("{2150E333-8FDC-42A3-9474-1A3956D46DE8}") = "Core", "Core", "{D826F97F-906F-4B9F-90E8-C910B4CFC95E}"
EndProject
Project("{2150E333-8FDC-42A3-9474-1A3956D46DE8}") = "Services", "Services", "{571449B2-1A21-4C0E-876A-A4BC07EC8229}"
EndProject
Project("{2150E333-8FDC-42A3-9474-1A3956D46DE8}") = "EF", "EF", "{CCC27F03-E743-4EDA-AA0D-3A0898F343EE}"
EndProject
Project("{2150E333-8FDC-42A3-9474-1A3956D46DE8}") = "DB", "DB", "{ADDAF377-2DFE-4672-AD81-888311132223}"
EndProject
Project("{2150E333-8FDC-42A3-9474-1A3956D46DE8}") = "Data Access", "Data Access", "{45F43168-4110-4239-B489-F035F68A5113}"
EndProject
Project("{2150E333-8FDC-42A3-9474-1A3956D46DE8}") = "MVC", "MVC", "{801B68F7-E291-4523-B8DB-A6ABC63399CD}"
EndProject
Project("{2150E333-8FDC-42A3-9474-1A3956D46DE8}") = "API", "API", "{3F689CF5-1703-4F08-9CE7-D32A9FB0ECA8}"
EndProject
Project("{9A19103F-16F7-4668-BE54-9A1E7A4F7556}") = "Domain.Core", "Domain.Core\Domain.Core.csproj", "{28D9D805-2672-4711-80E1-711413D58103}"
EndProject
Project("{2150E333-8FDC-42A3-9474-1A3956D46DE8}") = "Appservice", "Appservice", "{6A4B2CED-0A03-4BCE-BDD7-45CCC6FCA5CC}"
EndProject
Project("{2150E333-8FDC-42A3-9474-1A3956D46DE8}") = "Service", "Service", "{68FE2A62-ACD1-4436-9426-F248D0F63CC5}"
EndProject
Project("{9A19103F-16F7-4668-BE54-9A1E7A4F7556}") = "AppServices", "AppServices\AppServices.csproj", "{3E4E49D1-AAB8-4720-8641-D7E2E5EBF796}"
EndProject
Project("{9A19103F-16F7-4668-BE54-9A1E7A4F7556}") = "Services", "Services\Services.csproj", "{48396410-876B-4B9E-8AA2-491AA8BA2407}"
EndProject
Project("{9A19103F-16F7-4668-BE54-9A1E7A4F7556}") = "DataAccess", "DataAccess\DataAccess.csproj", "{42C3F5DC-EFE9-4AF1-881B-D32A2CCABE60}"
EndProject
Project("{9A19103F-16F7-4668-BE54-9A1E7A4F7556}") = "DataBase", "DataBase\DataBase.csproj", "{9D9ED9DA-A46E-46F0-BCF7-FF66261D9162}"
EndProject
Project("{2150E333-8FDC-42A3-9474-1A3956D46DE8}") = "0.Framework", "0.Framework", "{02B13814-7F35-4073-A3E5-EA8B8F09734A}"
EndProject
Project("{9A19103F-16F7-4668-BE54-9A1E7A4F7556}") = "FrameWork", "FrameWork\FrameWork.csproj", "{F8ECC447-5896-45AD-AAE7-247DCC22420E}"
EndProject
Project("{FAE04EC0-301F-11D3-BF4B-00C04F79EFBC}") = "MonkeyWrenchAPI", "MonkeyWrenchAPI\MonkeyWrenchAPI.csproj", "{80717B60-6DAC-4AAB-A124-A4ECEB0B5B48}"
EndProject
Global
	GlobalSection(SolutionConfigurationPlatforms) = preSolution
		Debug|Any CPU = Debug|Any CPU
		Release|Any CPU = Release|Any CPU
	EndGlobalSection
	GlobalSection(ProjectConfigurationPlatforms) = postSolution
		{9A3D81F4-4061-4844-AAC9-4D20B207C40F}.Debug|Any CPU.ActiveCfg = Debug|Any CPU
		{9A3D81F4-4061-4844-AAC9-4D20B207C40F}.Debug|Any CPU.Build.0 = Debug|Any CPU
		{9A3D81F4-4061-4844-AAC9-4D20B207C40F}.Release|Any CPU.ActiveCfg = Release|Any CPU
		{9A3D81F4-4061-4844-AAC9-4D20B207C40F}.Release|Any CPU.Build.0 = Release|Any CPU
		{28D9D805-2672-4711-80E1-711413D58103}.Debug|Any CPU.ActiveCfg = Debug|Any CPU
		{28D9D805-2672-4711-80E1-711413D58103}.Debug|Any CPU.Build.0 = Debug|Any CPU
		{28D9D805-2672-4711-80E1-711413D58103}.Release|Any CPU.ActiveCfg = Release|Any CPU
		{28D9D805-2672-4711-80E1-711413D58103}.Release|Any CPU.Build.0 = Release|Any CPU
		{3E4E49D1-AAB8-4720-8641-D7E2E5EBF796}.Debug|Any CPU.ActiveCfg = Debug|Any CPU
		{3E4E49D1-AAB8-4720-8641-D7E2E5EBF796}.Debug|Any CPU.Build.0 = Debug|Any CPU
		{3E4E49D1-AAB8-4720-8641-D7E2E5EBF796}.Release|Any CPU.ActiveCfg = Release|Any CPU
		{3E4E49D1-AAB8-4720-8641-D7E2E5EBF796}.Release|Any CPU.Build.0 = Release|Any CPU
		{48396410-876B-4B9E-8AA2-491AA8BA2407}.Debug|Any CPU.ActiveCfg = Debug|Any CPU
		{48396410-876B-4B9E-8AA2-491AA8BA2407}.Debug|Any CPU.Build.0 = Debug|Any CPU
		{48396410-876B-4B9E-8AA2-491AA8BA2407}.Release|Any CPU.ActiveCfg = Release|Any CPU
		{48396410-876B-4B9E-8AA2-491AA8BA2407}.Release|Any CPU.Build.0 = Release|Any CPU
		{42C3F5DC-EFE9-4AF1-881B-D32A2CCABE60}.Debug|Any CPU.ActiveCfg = Debug|Any CPU
		{42C3F5DC-EFE9-4AF1-881B-D32A2CCABE60}.Debug|Any CPU.Build.0 = Debug|Any CPU
		{42C3F5DC-EFE9-4AF1-881B-D32A2CCABE60}.Release|Any CPU.ActiveCfg = Release|Any CPU
		{42C3F5DC-EFE9-4AF1-881B-D32A2CCABE60}.Release|Any CPU.Build.0 = Release|Any CPU
		{9D9ED9DA-A46E-46F0-BCF7-FF66261D9162}.Debug|Any CPU.ActiveCfg = Debug|Any CPU
		{9D9ED9DA-A46E-46F0-BCF7-FF66261D9162}.Debug|Any CPU.Build.0 = Debug|Any CPU
		{9D9ED9DA-A46E-46F0-BCF7-FF66261D9162}.Release|Any CPU.ActiveCfg = Release|Any CPU
		{9D9ED9DA-A46E-46F0-BCF7-FF66261D9162}.Release|Any CPU.Build.0 = Release|Any CPU
		{F8ECC447-5896-45AD-AAE7-247DCC22420E}.Debug|Any CPU.ActiveCfg = Debug|Any CPU
		{F8ECC447-5896-45AD-AAE7-247DCC22420E}.Debug|Any CPU.Build.0 = Debug|Any CPU
		{F8ECC447-5896-45AD-AAE7-247DCC22420E}.Release|Any CPU.ActiveCfg = Release|Any CPU
		{F8ECC447-5896-45AD-AAE7-247DCC22420E}.Release|Any CPU.Build.0 = Release|Any CPU
		{80717B60-6DAC-4AAB-A124-A4ECEB0B5B48}.Debug|Any CPU.ActiveCfg = Debug|Any CPU
		{80717B60-6DAC-4AAB-A124-A4ECEB0B5B48}.Debug|Any CPU.Build.0 = Debug|Any CPU
		{80717B60-6DAC-4AAB-A124-A4ECEB0B5B48}.Release|Any CPU.ActiveCfg = Release|Any CPU
		{80717B60-6DAC-4AAB-A124-A4ECEB0B5B48}.Release|Any CPU.Build.0 = Release|Any CPU
	EndGlobalSection
	GlobalSection(SolutionProperties) = preSolution
		HideSolutionNode = FALSE
	EndGlobalSection
	GlobalSection(NestedProjects) = preSolution
		{9A3D81F4-4061-4844-AAC9-4D20B207C40F} = {801B68F7-E291-4523-B8DB-A6ABC63399CD}
		{15EAFF39-0354-49E2-8168-C817A6DB1DC9} = {D6819C69-378F-4C21-A2C3-4F1A5C930F6F}
		{8B8BFF42-ED15-485C-81C6-EE7D95225CB8} = {D6819C69-378F-4C21-A2C3-4F1A5C930F6F}
		{A9826333-6274-47F5-A340-0F2679634103} = {D6819C69-378F-4C21-A2C3-4F1A5C930F6F}
		{D826F97F-906F-4B9F-90E8-C910B4CFC95E} = {15EAFF39-0354-49E2-8168-C817A6DB1DC9}
		{571449B2-1A21-4C0E-876A-A4BC07EC8229} = {15EAFF39-0354-49E2-8168-C817A6DB1DC9}
		{CCC27F03-E743-4EDA-AA0D-3A0898F343EE} = {8B8BFF42-ED15-485C-81C6-EE7D95225CB8}
		{ADDAF377-2DFE-4672-AD81-888311132223} = {CCC27F03-E743-4EDA-AA0D-3A0898F343EE}
		{45F43168-4110-4239-B489-F035F68A5113} = {CCC27F03-E743-4EDA-AA0D-3A0898F343EE}
		{801B68F7-E291-4523-B8DB-A6ABC63399CD} = {A9826333-6274-47F5-A340-0F2679634103}
		{3F689CF5-1703-4F08-9CE7-D32A9FB0ECA8} = {A9826333-6274-47F5-A340-0F2679634103}
		{28D9D805-2672-4711-80E1-711413D58103} = {D826F97F-906F-4B9F-90E8-C910B4CFC95E}
		{6A4B2CED-0A03-4BCE-BDD7-45CCC6FCA5CC} = {571449B2-1A21-4C0E-876A-A4BC07EC8229}
		{68FE2A62-ACD1-4436-9426-F248D0F63CC5} = {571449B2-1A21-4C0E-876A-A4BC07EC8229}
		{3E4E49D1-AAB8-4720-8641-D7E2E5EBF796} = {6A4B2CED-0A03-4BCE-BDD7-45CCC6FCA5CC}
		{48396410-876B-4B9E-8AA2-491AA8BA2407} = {68FE2A62-ACD1-4436-9426-F248D0F63CC5}
		{42C3F5DC-EFE9-4AF1-881B-D32A2CCABE60} = {45F43168-4110-4239-B489-F035F68A5113}
		{9D9ED9DA-A46E-46F0-BCF7-FF66261D9162} = {ADDAF377-2DFE-4672-AD81-888311132223}
		{02B13814-7F35-4073-A3E5-EA8B8F09734A} = {D6819C69-378F-4C21-A2C3-4F1A5C930F6F}
		{F8ECC447-5896-45AD-AAE7-247DCC22420E} = {02B13814-7F35-4073-A3E5-EA8B8F09734A}
		{80717B60-6DAC-4AAB-A124-A4ECEB0B5B48} = {3F689CF5-1703-4F08-9CE7-D32A9FB0ECA8}
	EndGlobalSection
	GlobalSection(ExtensibilityGlobals) = postSolution
		SolutionGuid = {A6E4EF98-9A4A-46E7-9108-848C3C483076}
	EndGlobalSection
EndGlobal
